
Microsoft Visual Studio Solution File, Format Version 12.00
# Visual Studio Version 16
VisualStudioVersion = 16.0.29905.134
MinimumVisualStudioVersion = 10.0.40219.1
Project("{8BC9CEB8-8B4A-11D0-8D11-00A0C91BC942}") = "FastDict", "FastDict\FastDict.vcxproj", "{49AF145F-F915-4376-BF37-5AD7C3AC1694}"
EndProject
Project("{8BC9CEB8-8B4A-11D0-8D11-00A0C91BC942}") = "FastDictTests", "FastDictTests\FastDictTests.vcxproj", "{5E6B947D-0031-48A6-B205-EB876FD88480}"
EndProject
Global
	GlobalSection(SolutionConfigurationPlatforms) = preSolution
		Debug|x64 = Debug|x64
		Debug|x86 = Debug|x86
		Release|x64 = Release|x64
		Release|x86 = Release|x86
	EndGlobalSection
	GlobalSection(ProjectConfigurationPlatforms) = postSolution
		{49AF145F-F915-4376-BF37-5AD7C3AC1694}.Debug|x64.ActiveCfg = Debug|x64
		{49AF145F-F915-4376-BF37-5AD7C3AC1694}.Debug|x64.Build.0 = Debug|x64
		{49AF145F-F915-4376-BF37-5AD7C3AC1694}.Debug|x86.ActiveCfg = Debug|Win32
		{49AF145F-F915-4376-BF37-5AD7C3AC1694}.Debug|x86.Build.0 = Debug|Win32
		{49AF145F-F915-4376-BF37-5AD7C3AC1694}.Release|x64.ActiveCfg = Release|x64
		{49AF145F-F915-4376-BF37-5AD7C3AC1694}.Release|x64.Build.0 = Release|x64
		{49AF145F-F915-4376-BF37-5AD7C3AC1694}.Release|x86.ActiveCfg = Release|Win32
		{49AF145F-F915-4376-BF37-5AD7C3AC1694}.Release|x86.Build.0 = Release|Win32
		{5E6B947D-0031-48A6-B205-EB876FD88480}.Debug|x64.ActiveCfg = Debug|x64
		{5E6B947D-0031-48A6-B205-EB876FD88480}.Debug|x64.Build.0 = Debug|x64
		{5E6B947D-0031-48A6-B205-EB876FD88480}.Debug|x86.ActiveCfg = Debug|Win32
		{5E6B947D-0031-48A6-B205-EB876FD88480}.Debug|x86.Build.0 = Debug|Win32
		{5E6B947D-0031-48A6-B205-EB876FD88480}.Release|x64.ActiveCfg = Release|x64
		{5E6B947D-0031-48A6-B205-EB876FD88480}.Release|x64.Build.0 = Release|x64
		{5E6B947D-0031-48A6-B205-EB876FD88480}.Release|x86.ActiveCfg = Release|Win32
		{5E6B947D-0031-48A6-B205-EB876FD88480}.Release|x86.Build.0 = Release|Win32
	EndGlobalSection
	GlobalSection(SolutionProperties) = preSolution
		HideSolutionNode = FALSE
	EndGlobalSection
	GlobalSection(ExtensibilityGlobals) = postSolution
		SolutionGuid = {7CE1CA86-1130-4584-B82F-42167C4A8C60}
	EndGlobalSection
EndGlobal
